
Microsoft Visual Studio Solution File, Format Version 12.00
# Visual Studio Version 17
VisualStudioVersion = 17.0.32112.339
MinimumVisualStudioVersion = 10.0.40219.1
Project("{FAE04EC0-301F-11D3-BF4B-00C04F79EFBC}") = "swaggerApi", "swaggerApi\swaggerApi.csproj", "{F3C8889E-584C-4A05-94C6-26C8653D4393}"
EndProject
Global
	GlobalSection(SolutionConfigurationPlatforms) = preSolution
		Debug|Any CPU = Debug|Any CPU
		Release|Any CPU = Release|Any CPU
	EndGlobalSection
	GlobalSection(ProjectConfigurationPlatforms) = postSolution
		{F3C8889E-584C-4A05-94C6-26C8653D4393}.Debug|Any CPU.ActiveCfg = Debug|Any CPU
		{F3C8889E-584C-4A05-94C6-26C8653D4393}.Debug|Any CPU.Build.0 = Debug|Any CPU
		{F3C8889E-584C-4A05-94C6-26C8653D4393}.Release|Any CPU.ActiveCfg = Release|Any CPU
		{F3C8889E-584C-4A05-94C6-26C8653D4393}.Release|Any CPU.Build.0 = Release|Any CPU
	EndGlobalSection
	GlobalSection(SolutionProperties) = preSolution
		HideSolutionNode = FALSE
	EndGlobalSection
	GlobalSection(ExtensibilityGlobals) = postSolution
		SolutionGuid = {7E7432DD-CA76-4303-9F4E-5B3963AB203A}
	EndGlobalSection
EndGlobal
